# Generated by pub
# See https://dart.dev/tools/pub/glossary#lockfile
packages:
  collection:
    dependency: transitive
    description:
      name: collection
      sha256: ee67cb0715911d28db6bf4af1026078bd6f0128b07a5f66fb2ed94ec6783c09a
      url: "https://pub.dev"
    source: hosted
    version: "1.18.0"
  ffi:
    dependency: transitive
    description:
      name: ffi
      sha256: "493f37e7df1804778ff3a53bd691d8692ddf69702cf4c1c1096a2e41b4779e21"
      url: "https://pub.dev"
    source: hosted
    version: "2.1.2"
  file_copy:
    dependency: "direct main"
    description:
      name: file_copy
      sha256: "5191a03c51d0a8792b2430247b07974f4ebd08b27f89eed7db7037276b585e14"
      url: "https://pub.dev"
    source: hosted
    version: "1.0.7"
  js:
    dependency: transitive
    description:
      name: js
      sha256: c1b2e9b5ea78c45e1a0788d29606ba27dc5f71f019f32ca5140f61ef071838cf
      url: "https://pub.dev"
    source: hosted
    version: "0.7.1"
  lints:
    dependency: "direct dev"
    description:
      name: lints
      sha256: cbf8d4b858bb0134ef3ef87841abdf8d63bfc255c266b7bf6b39daa1085c4290
      url: "https://pub.dev"
    source: hosted
    version: "3.0.0"
  logger:
    dependency: "direct main"
    description:
      name: logger
      sha256: "8c94b8c219e7e50194efc8771cd0e9f10807d8d3e219af473d89b06cc2ee4e04"
      url: "https://pub.dev"
    source: hosted
    version: "2.2.0"
  meta:
    dependency: transitive
    description:
      name: meta
      sha256: "25dfcaf170a0190f47ca6355bdd4552cb8924b430512ff0cafb8db9bd41fe33b"
      url: "https://pub.dev"
    source: hosted
    version: "1.14.0"
  path:
    dependency: "direct main"
    description:
      name: path
      sha256: "087ce49c3f0dc39180befefc60fdb4acd8f8620e5682fe2476afd0b3688bb4af"
      url: "https://pub.dev"
    source: hosted
    version: "1.9.0"
  sqlite3:
    dependency: "direct main"
    description:
      name: sqlite3
      sha256: "1abbeb84bf2b1a10e5e1138c913123c8aa9d83cd64e5f9a0dd847b3c83063202"
      url: "https://pub.dev"
    source: hosted
    version: "2.4.2"
  win32:
    dependency: transitive
    description:
      name: win32
      sha256: "0a989dc7ca2bb51eac91e8fd00851297cfffd641aa7538b165c62637ca0eaa4a"
      url: "https://pub.dev"
    source: hosted
    version: "5.4.0"
  win32_registry:
    dependency: "direct main"
    description:
      name: win32_registry
      sha256: "10589e0d7f4e053f2c61023a31c9ce01146656a70b7b7f0828c0b46d7da2a9bb"
      url: "https://pub.dev"
    source: hosted
    version: "1.1.3"
sdks:
  dart: ">=3.3.0 <4.0.0"
